
Microsoft Visual Studio Solution File, Format Version 12.00
# Visual Studio Version 16
VisualStudioVersion = 16.0.29230.47
MinimumVisualStudioVersion = 10.0.40219.1
Project("{8BC9CEB8-8B4A-11D0-8D11-00A0C91BC942}") = "DECODE", "DECODE.vcxproj", "{D97791BB-7AB1-4E6C-9E5E-FB4764C79498}"
EndProject
Global
	GlobalSection(SolutionConfigurationPlatforms) = preSolution
		Debug|x64 = Debug|x64
		Debug|x86 = Debug|x86
		Release|x64 = Release|x64
		Release|x86 = Release|x86
	EndGlobalSection
	GlobalSection(ProjectConfigurationPlatforms) = postSolution
		{D97791BB-7AB1-4E6C-9E5E-FB4764C79498}.Debug|x64.ActiveCfg = Debug|x64
		{D97791BB-7AB1-4E6C-9E5E-FB4764C79498}.Debug|x64.Build.0 = Debug|x64
		{D97791BB-7AB1-4E6C-9E5E-FB4764C79498}.Debug|x86.ActiveCfg = Debug|Win32
		{D97791BB-7AB1-4E6C-9E5E-FB4764C79498}.Debug|x86.Build.0 = Debug|Win32
		{D97791BB-7AB1-4E6C-9E5E-FB4764C79498}.Release|x64.ActiveCfg = Release|x64
		{D97791BB-7AB1-4E6C-9E5E-FB4764C79498}.Release|x64.Build.0 = Release|x64
		{D97791BB-7AB1-4E6C-9E5E-FB4764C79498}.Release|x86.ActiveCfg = Release|Win32
		{D97791BB-7AB1-4E6C-9E5E-FB4764C79498}.Release|x86.Build.0 = Release|Win32
	EndGlobalSection
	GlobalSection(SolutionProperties) = preSolution
		HideSolutionNode = FALSE
	EndGlobalSection
	GlobalSection(ExtensibilityGlobals) = postSolution
		SolutionGuid = {21A11B63-4D6E-42B2-A2B0-1DA7E9607ED0}
	EndGlobalSection
EndGlobal
